{
  "name": "crypto_plugin",
  "version": "1.0.0",
  "lockfileVersion": 1,
  "requires": true,
  "dependencies": {
    "coingecko-api": {
      "version": "1.0.5",
      "resolved": "https://registry.npmjs.org/coingecko-api/-/coingecko-api-1.0.5.tgz",
      "integrity": "sha512-1RXsgGu71HQg+ciVcyxDFwU9TU4vXRa391TWzHLGikRAomUJc7KWUDx/UukZ9PkoLAexGy11F5XXdAEUzmVgGw=="
    }
  }
}
